
Microsoft Visual Studio Solution File, Format Version 12.00
# Visual Studio 2013
VisualStudioVersion = 12.0.30501.0
MinimumVisualStudioVersion = 10.0.40219.1
Project("{FAE04EC0-301F-11D3-BF4B-00C04F79EFBC}") = "Stefans", "Stefans\Stefans.csproj", "{01838FCF-A058-47B1-9632-A57F5BEE999D}"
EndProject
Project("{FAE04EC0-301F-11D3-BF4B-00C04F79EFBC}") = "DB", "DB\DB.csproj", "{FF483798-1955-43DF-A2F6-07A6DD15C8BA}"
EndProject
Project("{FAE04EC0-301F-11D3-BF4B-00C04F79EFBC}") = "Core", "Core\Core.csproj", "{5038C483-29CE-4FD1-AAE4-A2EE6C8F7BFE}"
EndProject
Global
	GlobalSection(SolutionConfigurationPlatforms) = preSolution
		Debug|Any CPU = Debug|Any CPU
		Release|Any CPU = Release|Any CPU
	EndGlobalSection
	GlobalSection(ProjectConfigurationPlatforms) = postSolution
		{01838FCF-A058-47B1-9632-A57F5BEE999D}.Debug|Any CPU.ActiveCfg = Debug|Any CPU
		{01838FCF-A058-47B1-9632-A57F5BEE999D}.Debug|Any CPU.Build.0 = Debug|Any CPU
		{01838FCF-A058-47B1-9632-A57F5BEE999D}.Release|Any CPU.ActiveCfg = Release|Any CPU
		{01838FCF-A058-47B1-9632-A57F5BEE999D}.Release|Any CPU.Build.0 = Release|Any CPU
		{FF483798-1955-43DF-A2F6-07A6DD15C8BA}.Debug|Any CPU.ActiveCfg = Debug|Any CPU
		{FF483798-1955-43DF-A2F6-07A6DD15C8BA}.Debug|Any CPU.Build.0 = Debug|Any CPU
		{FF483798-1955-43DF-A2F6-07A6DD15C8BA}.Release|Any CPU.ActiveCfg = Release|Any CPU
		{FF483798-1955-43DF-A2F6-07A6DD15C8BA}.Release|Any CPU.Build.0 = Release|Any CPU
		{5038C483-29CE-4FD1-AAE4-A2EE6C8F7BFE}.Debug|Any CPU.ActiveCfg = Debug|Any CPU
		{5038C483-29CE-4FD1-AAE4-A2EE6C8F7BFE}.Debug|Any CPU.Build.0 = Debug|Any CPU
		{5038C483-29CE-4FD1-AAE4-A2EE6C8F7BFE}.Release|Any CPU.ActiveCfg = Release|Any CPU
		{5038C483-29CE-4FD1-AAE4-A2EE6C8F7BFE}.Release|Any CPU.Build.0 = Release|Any CPU
	EndGlobalSection
	GlobalSection(SolutionProperties) = preSolution
		HideSolutionNode = FALSE
	EndGlobalSection
EndGlobal
